// !$*UTF8*$!
{
	archiveVersion = 1;
	classes = {
	};
	objectVersion = 77;
	objects = {

/* Begin PBXBuildFile section */
		538161D52EC62A5C00C0F590 /* Starscream in Frameworks */ = {isa = PBXBuildFile; productRef = 538161D42EC62A5C00C0F590 /* Starscream */; };
		FA989BCD2F2D6DC0004C4180 /* Collections in Frameworks */ = {isa = PBXBuildFile; productRef = FA989BCC2F2D6DC0004C4180 /* Collections */; };
		FA989BCF2F2D6DC0004C4180 /* DequeModule in Frameworks */ = {isa = PBXBuildFile; productRef = FA989BCE2F2D6DC0004C4180 /* DequeModule */; };
		FAC66E0D2F5A3B7E002C7FFC /* Config.xcconfig in Resources */ = {isa = PBXBuildFile; fileRef = FAC66E0C2F5A3B7E002C7FFC /* Config.xcconfig */; };
		FAC66E0E2F5A3B7E002C7FFC /* Config.xcconfig in Resources */ = {isa = PBXBuildFile; fileRef = FAC66E0C2F5A3B7E002C7FFC /* Config.xcconfig */; };
/* End PBXBuildFile section */

/* Begin PBXContainerItemProxy section */
		9B6471302ECD408D0032BC9D /* PBXContainerItemProxy */ = {
			isa = PBXContainerItemProxy;
			containerPortal = 9B9B4CAA2EB2E29700073840 /* Project object */;
			proxyType = 1;
			remoteGlobalIDString = 9B9B4CB12EB2E29700073840;
			remoteInfo = MixedReality;
		};
/* End PBXContainerItemProxy section */

/* Begin PBXFileReference section */
		7A3E4A942FFB100100B8A001 /* Config.xcconfig */ = {isa = PBXFileReference; lastKnownFileType = text.xcconfig; path = Config.xcconfig; sourceTree = "<group>"; };
		9B64710C2ECD3D7B0032BC9D /* MixedReality.xcodeproj */ = {isa = PBXFileReference; lastKnownFileType = "wrapper.pb-project"; path = MixedReality.xcodeproj; sourceTree = "<group>"; };
		9B64712C2ECD408D0032BC9D /* MixedRealityTests.xctest */ = {isa = PBXFileReference; explicitFileType = wrapper.cfbundle; includeInIndex = 0; path = MixedRealityTests.xctest; sourceTree = BUILT_PRODUCTS_DIR; };
		9B9B4CB22EB2E29700073840 /* MRCS.app */ = {isa = PBXFileReference; explicitFileType = wrapper.application; includeInIndex = 0; path = MRCS.app; sourceTree = BUILT_PRODUCTS_DIR; };
		FAC66E0C2F5A3B7E002C7FFC /* Config.xcconfig */ = {isa = PBXFileReference; lastKnownFileType = text.xcconfig; path = Config.xcconfig; sourceTree = "<group>"; };
/* End PBXFileReference section */

/* Begin PBXFileSystemSynchronizedBuildFileExceptionSet section */
		9B9B4CC02EB2E29900073840 /* Exceptions for "MixedReality" folder in "MixedReality" target */ = {
			isa = PBXFileSystemSynchronizedBuildFileExceptionSet;
			membershipExceptions = (
				Info.plist,
			);
			target = 9B9B4CB12EB2E29700073840 /* MixedReality */;
		};
/* End PBXFileSystemSynchronizedBuildFileExceptionSet section */

/* Begin PBXFileSystemSynchronizedRootGroup section */
		9B64712D2ECD408D0032BC9D /* MixedRealityTests */ = {
			isa = PBXFileSystemSynchronizedRootGroup;
			path = MixedRealityTests;
			sourceTree = "<group>";
		};
		9B9B4CB42EB2E29700073840 /* MixedReality */ = {
			isa = PBXFileSystemSynchronizedRootGroup;
			exceptions = (
				9B9B4CC02EB2E29900073840 /* Exceptions for "MixedReality" folder in "MixedReality" target */,
			);
			path = MixedReality;
			sourceTree = "<group>";
		};
/* End PBXFileSystemSynchronizedRootGroup section */

/* Begin PBXFrameworksBuildPhase section */
		9B6471292ECD408D0032BC9D /* Frameworks */ = {
			isa = PBXFrameworksBuildPhase;
			buildActionMask = 2147483647;
			files = (
			);
			runOnlyForDeploymentPostprocessing = 0;
		};
		9B9B4CAF2EB2E29700073840 /* Frameworks */ = {
			isa = PBXFrameworksBuildPhase;
			buildActionMask = 2147483647;
			files = (
				FA989BCD2F2D6DC0004C4180 /* Collections in Frameworks */,
				538161D52EC62A5C00C0F590 /* Starscream in Frameworks */,
				FA989BCF2F2D6DC0004C4180 /* DequeModule in Frameworks */,
			);
			runOnlyForDeploymentPostprocessing = 0;
		};
/* End PBXFrameworksBuildPhase section */

/* Begin PBXGroup section */
		9B64710E2ECD3D7B0032BC9D /* Products */ = {
			isa = PBXGroup;
			name = Products;
			sourceTree = "<group>";
		};
		9B9B4CA92EB2E29700073840 = {
			isa = PBXGroup;
			children = (
				7A3E4A942FFB100100B8A001 /* Config.xcconfig */,
				9B9B4CB42EB2E29700073840 /* MixedReality */,
				9B64712D2ECD408D0032BC9D /* MixedRealityTests */,
				9B9B4CB32EB2E29700073840 /* Products */,
			);
			sourceTree = "<group>";
		};
		9B9B4CB32EB2E29700073840 /* Products */ = {
			isa = PBXGroup;
			children = (
				9B9B4CB22EB2E29700073840 /* MRCS.app */,
				9B64712C2ECD408D0032BC9D /* MixedRealityTests.xctest */,
			);
			name = Products;
			sourceTree = "<group>";
		};
/* End PBXGroup section */

/* Begin PBXNativeTarget section */
		9B64712B2ECD408D0032BC9D /* MixedRealityTests */ = {
			isa = PBXNativeTarget;
			buildConfigurationList = 9B6471322ECD408D0032BC9D /* Build configuration list for PBXNativeTarget "MixedRealityTests" */;
			buildPhases = (
				9B6471282ECD408D0032BC9D /* Sources */,
				9B6471292ECD408D0032BC9D /* Frameworks */,
				9B64712A2ECD408D0032BC9D /* Resources */,
			);
			buildRules = (
			);
			dependencies = (
				9B6471312ECD408D0032BC9D /* PBXTargetDependency */,
			);
			fileSystemSynchronizedGroups = (
				9B64712D2ECD408D0032BC9D /* MixedRealityTests */,
			);
			name = MixedRealityTests;
			packageProductDependencies = (
			);
			productName = MixedRealityTests;
			productReference = 9B64712C2ECD408D0032BC9D /* MixedRealityTests.xctest */;
			productType = "com.apple.product-type.bundle.unit-test";
		};
		9B9B4CB12EB2E29700073840 /* MixedReality */ = {
			isa = PBXNativeTarget;
			buildConfigurationList = 9B9B4CC12EB2E29900073840 /* Build configuration list for PBXNativeTarget "MixedReality" */;
			buildPhases = (
				9B9B4CAE2EB2E29700073840 /* Sources */,
				9B9B4CAF2EB2E29700073840 /* Frameworks */,
				9B9B4CB02EB2E29700073840 /* Resources */,
			);
			buildRules = (
			);
			dependencies = (
			);
			fileSystemSynchronizedGroups = (
				9B9B4CB42EB2E29700073840 /* MixedReality */,
			);
			name = MixedReality;
			packageProductDependencies = (
				538161D42EC62A5C00C0F590 /* Starscream */,
				FA989BCC2F2D6DC0004C4180 /* Collections */,
				FA989BCE2F2D6DC0004C4180 /* DequeModule */,
			);
			productName = MixedReality;
			productReference = 9B9B4CB22EB2E29700073840 /* MRCS.app */;
			productType = "com.apple.product-type.application";
		};
/* End PBXNativeTarget section */

/* Begin PBXProject section */
		9B9B4CAA2EB2E29700073840 /* Project object */ = {
			isa = PBXProject;
			attributes = {
				BuildIndependentTargetsInParallel = 1;
				LastSwiftUpdateCheck = 2610;
				LastUpgradeCheck = 2620;
				TargetAttributes = {
					9B64712B2ECD408D0032BC9D = {
						CreatedOnToolsVersion = 26.1.1;
						TestTargetID = 9B9B4CB12EB2E29700073840;
					};
					9B9B4CB12EB2E29700073840 = {
						CreatedOnToolsVersion = 26.0.1;
					};
				};
			};
			buildConfigurationList = 9B9B4CAD2EB2E29700073840 /* Build configuration list for PBXProject "MixedReality" */;
			developmentRegion = en;
			hasScannedForEncodings = 0;
			knownRegions = (
				en,
				Base,
			);
			mainGroup = 9B9B4CA92EB2E29700073840;
			minimizedProjectReferenceProxies = 1;
			packageReferences = (
				538161D32EC62A5C00C0F590 /* XCRemoteSwiftPackageReference "Starscream" */,
				FA989BCB2F2D6DC0004C4180 /* XCRemoteSwiftPackageReference "swift-collections" */,
			);
			preferredProjectObjectVersion = 77;
			productRefGroup = 9B9B4CB32EB2E29700073840 /* Products */;
			projectDirPath = "";
			projectReferences = (
				{
					ProductGroup = 9B64710E2ECD3D7B0032BC9D /* Products */;
					ProjectRef = 9B64710C2ECD3D7B0032BC9D /* MixedReality.xcodeproj */;
				},
			);
			projectRoot = "";
			targets = (
				9B9B4CB12EB2E29700073840 /* MixedReality */,
				9B64712B2ECD408D0032BC9D /* MixedRealityTests */,
			);
		};
/* End PBXProject section */

/* Begin PBXResourcesBuildPhase section */
		9B64712A2ECD408D0032BC9D /* Resources */ = {
			isa = PBXResourcesBuildPhase;
			buildActionMask = 2147483647;
			files = (
				FAC66E0E2F5A3B7E002C7FFC /* Config.xcconfig in Resources */,
			);
			runOnlyForDeploymentPostprocessing = 0;
		};
		9B9B4CB02EB2E29700073840 /* Resources */ = {
			isa = PBXResourcesBuildPhase;
			buildActionMask = 2147483647;
			files = (
				FAC66E0D2F5A3B7E002C7FFC /* Config.xcconfig in Resources */,
			);
			runOnlyForDeploymentPostprocessing = 0;
		};
/* End PBXResourcesBuildPhase section */

/* Begin PBXSourcesBuildPhase section */
		9B6471282ECD408D0032BC9D /* Sources */ = {
			isa = PBXSourcesBuildPhase;
			buildActionMask = 2147483647;
			files = (
			);
			runOnlyForDeploymentPostprocessing = 0;
		};
		9B9B4CAE2EB2E29700073840 /* Sources */ = {
			isa = PBXSourcesBuildPhase;
			buildActionMask = 2147483647;
			files = (
			);
			runOnlyForDeploymentPostprocessing = 0;
		};
/* End PBXSourcesBuildPhase section */

/* Begin PBXTargetDependency section */
		9B6471312ECD408D0032BC9D /* PBXTargetDependency */ = {
			isa = PBXTargetDependency;
			target = 9B9B4CB12EB2E29700073840 /* MixedReality */;
			targetProxy = 9B6471302ECD408D0032BC9D /* PBXContainerItemProxy */;
		};
/* End PBXTargetDependency section */

/* Begin XCBuildConfiguration section */
		9B6471332ECD408D0032BC9D /* Debug */ = {
			isa = XCBuildConfiguration;
			baseConfigurationReference = FAC66E0C2F5A3B7E002C7FFC /* Config.xcconfig */;
			buildSettings = {
				BUNDLE_LOADER = "$(TEST_HOST)";
				CODE_SIGN_STYLE = Automatic;
				CURRENT_PROJECT_VERSION = 1;
				GENERATE_INFOPLIST_FILE = YES;
				MARKETING_VERSION = 1.0;
				PRODUCT_BUNDLE_IDENTIFIER = com.macstone25.MixedRealityTests;
				PRODUCT_NAME = "$(TARGET_NAME)";
				STRING_CATALOG_GENERATE_SYMBOLS = NO;
				SUPPORTED_PLATFORMS = "xros xrsimulator";
				SWIFT_APPROACHABLE_CONCURRENCY = YES;
				SWIFT_EMIT_LOC_STRINGS = NO;
				SWIFT_UPCOMING_FEATURE_MEMBER_IMPORT_VISIBILITY = YES;
				SWIFT_VERSION = 5.0;
				TARGETED_DEVICE_FAMILY = 7;
				TEST_HOST = "$(BUILT_PRODUCTS_DIR)/MRCS.app/$(BUNDLE_EXECUTABLE_FOLDER_PATH)/MRCS";
				XROS_DEPLOYMENT_TARGET = 26.1;
			};
			name = Debug;
		};
		9B6471342ECD408D0032BC9D /* Release */ = {
			isa = XCBuildConfiguration;
			baseConfigurationReference = FAC66E0C2F5A3B7E002C7FFC /* Config.xcconfig */;
			buildSettings = {
				BUNDLE_LOADER = "$(TEST_HOST)";
				CODE_SIGN_STYLE = Automatic;
				CURRENT_PROJECT_VERSION = 1;
				GENERATE_INFOPLIST_FILE = YES;
				MARKETING_VERSION = 1.0;
				PRODUCT_BUNDLE_IDENTIFIER = com.macstone25.MixedRealityTests;
				PRODUCT_NAME = "$(TARGET_NAME)";
				STRING_CATALOG_GENERATE_SYMBOLS = NO;
				SUPPORTED_PLATFORMS = "xros xrsimulator";
				SWIFT_APPROACHABLE_CONCURRENCY = YES;
				SWIFT_EMIT_LOC_STRINGS = NO;
				SWIFT_UPCOMING_FEATURE_MEMBER_IMPORT_VISIBILITY = YES;
				SWIFT_VERSION = 5.0;
				TARGETED_DEVICE_FAMILY = 7;
				TEST_HOST = "$(BUILT_PRODUCTS_DIR)/MRCS.app/$(BUNDLE_EXECUTABLE_FOLDER_PATH)/MRCS";
				XROS_DEPLOYMENT_TARGET = 26.1;
			};
			name = Release;
		};
		9B9B4CC22EB2E29900073840 /* Debug */ = {
			isa = XCBuildConfiguration;
			baseConfigurationReference = FAC66E0C2F5A3B7E002C7FFC /* Config.xcconfig */;
			buildSettings = {
				ASSETCATALOG_COMPILER_APPICON_NAME = AppIcon;
				ASSETCATALOG_COMPILER_GLOBAL_ACCENT_COLOR_NAME = AccentColor;
				CODE_SIGN_STYLE = Automatic;
				CURRENT_PROJECT_VERSION = 1;
				DEVELOPMENT_TEAM = 5Q65FNGBYR;
				ENABLE_PREVIEWS = YES;
				GENERATE_INFOPLIST_FILE = YES;
				INFOPLIST_FILE = "$(TARGET_NAME)/Info.plist";
				LD_RUNPATH_SEARCH_PATHS = (
					"$(inherited)",
					"@executable_path/Frameworks",
				);
				MARKETING_VERSION = 1.0;
				PRODUCT_BUNDLE_IDENTIFIER = com.macstone25.MixedReality;
				PRODUCT_NAME = MRCS;
				STRING_CATALOG_GENERATE_SYMBOLS = YES;
				SUPPORTED_PLATFORMS = "xros xrsimulator";
				SWIFT_APPROACHABLE_CONCURRENCY = YES;
				SWIFT_DEFAULT_ACTOR_ISOLATION = MainActor;
				SWIFT_EMIT_LOC_STRINGS = YES;
				SWIFT_UPCOMING_FEATURE_MEMBER_IMPORT_VISIBILITY = YES;
				SWIFT_VERSION = 5.0;
				TARGETED_DEVICE_FAMILY = 7;
				XROS_DEPLOYMENT_TARGET = 26.1;
			};
			name = Debug;
		};
		9B9B4CC32EB2E29900073840 /* Release */ = {
			isa = XCBuildConfiguration;
			baseConfigurationReference = FAC66E0C2F5A3B7E002C7FFC /* Config.xcconfig */;
			buildSettings = {
				ASSETCATALOG_COMPILER_APPICON_NAME = AppIcon;
				ASSETCATALOG_COMPILER_GLOBAL_ACCENT_COLOR_NAME = AccentColor;
				CODE_SIGN_STYLE = Automatic;
				CURRENT_PROJECT_VERSION = 1;
				DEVELOPMENT_TEAM = 5Q65FNGBYR;
				ENABLE_PREVIEWS = YES;
				GENERATE_INFOPLIST_FILE = YES;
				INFOPLIST_FILE = "$(TARGET_NAME)/Info.plist";
				LD_RUNPATH_SEARCH_PATHS = (
					"$(inherited)",
					"@executable_path/Frameworks",
				);
				MARKETING_VERSION = 1.0;
				PRODUCT_BUNDLE_IDENTIFIER = com.macstone25.MixedReality;
				PRODUCT_NAME = MRCS;
				STRING_CATALOG_GENERATE_SYMBOLS = YES;
				SUPPORTED_PLATFORMS = "xros xrsimulator";
				SWIFT_APPROACHABLE_CONCURRENCY = YES;
				SWIFT_DEFAULT_ACTOR_ISOLATION = MainActor;
				SWIFT_EMIT_LOC_STRINGS = YES;
				SWIFT_UPCOMING_FEATURE_MEMBER_IMPORT_VISIBILITY = YES;
				SWIFT_VERSION = 5.0;
				TARGETED_DEVICE_FAMILY = 7;
				XROS_DEPLOYMENT_TARGET = 26.1;
			};
			name = Release;
		};
		9B9B4CC42EB2E29900073840 /* Debug */ = {
			isa = XCBuildConfiguration;
			baseConfigurationReference = FAC66E0C2F5A3B7E002C7FFC /* Config.xcconfig */;
			buildSettings = {
				ALWAYS_SEARCH_USER_PATHS = NO;
				ASSETCATALOG_COMPILER_GENERATE_SWIFT_ASSET_SYMBOL_EXTENSIONS = YES;
				CLANG_ANALYZER_NONNULL = YES;
				CLANG_ANALYZER_NUMBER_OBJECT_CONVERSION = YES_AGGRESSIVE;
				CLANG_CXX_LANGUAGE_STANDARD = "gnu++20";
				CLANG_ENABLE_MODULES = YES;
				CLANG_ENABLE_OBJC_ARC = YES;
				CLANG_ENABLE_OBJC_WEAK = YES;
				CLANG_WARN_BLOCK_CAPTURE_AUTORELEASING = YES;
				CLANG_WARN_BOOL_CONVERSION = YES;
				CLANG_WARN_COMMA = YES;
				CLANG_WARN_CONSTANT_CONVERSION = YES;
				CLANG_WARN_DEPRECATED_OBJC_IMPLEMENTATIONS = YES;
				CLANG_WARN_DIRECT_OBJC_ISA_USAGE = YES_ERROR;
				CLANG_WARN_DOCUMENTATION_COMMENTS = YES;
				CLANG_WARN_EMPTY_BODY = YES;
				CLANG_WARN_ENUM_CONVERSION = YES;
				CLANG_WARN_INFINITE_RECURSION = YES;
				CLANG_WARN_INT_CONVERSION = YES;
				CLANG_WARN_NON_LITERAL_NULL_CONVERSION = YES;
				CLANG_WARN_OBJC_IMPLICIT_RETAIN_SELF = YES;
				CLANG_WARN_OBJC_LITERAL_CONVERSION = YES;
				CLANG_WARN_OBJC_ROOT_CLASS = YES_ERROR;
				CLANG_WARN_QUOTED_INCLUDE_IN_FRAMEWORK_HEADER = YES;
				CLANG_WARN_RANGE_LOOP_ANALYSIS = YES;
				CLANG_WARN_STRICT_PROTOTYPES = YES;
				CLANG_WARN_SUSPICIOUS_MOVE = YES;
				CLANG_WARN_UNGUARDED_AVAILABILITY = YES_AGGRESSIVE;
				CLANG_WARN_UNREACHABLE_CODE = YES;
				CLANG_WARN__DUPLICATE_METHOD_MATCH = YES;
				COPY_PHASE_STRIP = NO;
				DEBUG_INFORMATION_FORMAT = dwarf;
				ENABLE_STRICT_OBJC_MSGSEND = YES;
				ENABLE_TESTABILITY = YES;
				ENABLE_USER_SCRIPT_SANDBOXING = YES;
				GCC_C_LANGUAGE_STANDARD = gnu17;
				GCC_DYNAMIC_NO_PIC = NO;
				GCC_NO_COMMON_BLOCKS = YES;
				GCC_OPTIMIZATION_LEVEL = 0;
				GCC_PREPROCESSOR_DEFINITIONS = (
					"DEBUG=1",
					"$(inherited)",
				);
				GCC_WARN_64_TO_32_BIT_CONVERSION = YES;
				GCC_WARN_ABOUT_RETURN_TYPE = YES_ERROR;
				GCC_WARN_UNDECLARED_SELECTOR = YES;
				GCC_WARN_UNINITIALIZED_AUTOS = YES_AGGRESSIVE;
				GCC_WARN_UNUSED_FUNCTION = YES;
				GCC_WARN_UNUSED_VARIABLE = YES;
				LOCALIZATION_PREFERS_STRING_CATALOGS = YES;
				MTL_ENABLE_DEBUG_INFO = INCLUDE_SOURCE;
				MTL_FAST_MATH = YES;
				ONLY_ACTIVE_ARCH = YES;
				SDKROOT = xros;
				STRING_CATALOG_GENERATE_SYMBOLS = YES;
				SWIFT_ACTIVE_COMPILATION_CONDITIONS = "DEBUG $(inherited)";
				SWIFT_OPTIMIZATION_LEVEL = "-Onone";
				XROS_DEPLOYMENT_TARGET = 26.0;
			};
			name = Debug;
		};
		9B9B4CC52EB2E29900073840 /* Release */ = {
			isa = XCBuildConfiguration;
			baseConfigurationReference = FAC66E0C2F5A3B7E002C7FFC /* Config.xcconfig */;
			buildSettings = {
				ALWAYS_SEARCH_USER_PATHS = NO;
				ASSETCATALOG_COMPILER_GENERATE_SWIFT_ASSET_SYMBOL_EXTENSIONS = YES;
				CLANG_ANALYZER_NONNULL = YES;
				CLANG_ANALYZER_NUMBER_OBJECT_CONVERSION = YES_AGGRESSIVE;
				CLANG_CXX_LANGUAGE_STANDARD = "gnu++20";
				CLANG_ENABLE_MODULES = YES;
				CLANG_ENABLE_OBJC_ARC = YES;
				CLANG_ENABLE_OBJC_WEAK = YES;
				CLANG_WARN_BLOCK_CAPTURE_AUTORELEASING = YES;
				CLANG_WARN_BOOL_CONVERSION = YES;
				CLANG_WARN_COMMA = YES;
				CLANG_WARN_CONSTANT_CONVERSION = YES;
				CLANG_WARN_DEPRECATED_OBJC_IMPLEMENTATIONS = YES;
				CLANG_WARN_DIRECT_OBJC_ISA_USAGE = YES_ERROR;
				CLANG_WARN_DOCUMENTATION_COMMENTS = YES;
				CLANG_WARN_EMPTY_BODY = YES;
				CLANG_WARN_ENUM_CONVERSION = YES;
				CLANG_WARN_INFINITE_RECURSION = YES;
				CLANG_WARN_INT_CONVERSION = YES;
				CLANG_WARN_NON_LITERAL_NULL_CONVERSION = YES;
				CLANG_WARN_OBJC_IMPLICIT_RETAIN_SELF = YES;
				CLANG_WARN_OBJC_LITERAL_CONVERSION = YES;
				CLANG_WARN_OBJC_ROOT_CLASS = YES_ERROR;
				CLANG_WARN_QUOTED_INCLUDE_IN_FRAMEWORK_HEADER = YES;
				CLANG_WARN_RANGE_LOOP_ANALYSIS = YES;
				CLANG_WARN_STRICT_PROTOTYPES = YES;
				CLANG_WARN_SUSPICIOUS_MOVE = YES;
				CLANG_WARN_UNGUARDED_AVAILABILITY = YES_AGGRESSIVE;
				CLANG_WARN_UNREACHABLE_CODE = YES;
				CLANG_WARN__DUPLICATE_METHOD_MATCH = YES;
				COPY_PHASE_STRIP = NO;
				DEBUG_INFORMATION_FORMAT = "dwarf-with-dsym";
				ENABLE_NS_ASSERTIONS = NO;
				ENABLE_STRICT_OBJC_MSGSEND = YES;
				ENABLE_USER_SCRIPT_SANDBOXING = YES;
				GCC_C_LANGUAGE_STANDARD = gnu17;
				GCC_NO_COMMON_BLOCKS = YES;
				GCC_WARN_64_TO_32_BIT_CONVERSION = YES;
				GCC_WARN_ABOUT_RETURN_TYPE = YES_ERROR;
				GCC_WARN_UNDECLARED_SELECTOR = YES;
				GCC_WARN_UNINITIALIZED_AUTOS = YES_AGGRESSIVE;
				GCC_WARN_UNUSED_FUNCTION = YES;
				GCC_WARN_UNUSED_VARIABLE = YES;
				LOCALIZATION_PREFERS_STRING_CATALOGS = YES;
				MTL_ENABLE_DEBUG_INFO = NO;
				MTL_FAST_MATH = YES;
				SDKROOT = xros;
				STRING_CATALOG_GENERATE_SYMBOLS = YES;
				SWIFT_COMPILATION_MODE = wholemodule;
				VALIDATE_PRODUCT = YES;
				XROS_DEPLOYMENT_TARGET = 26.0;
			};
			name = Release;
		};
/* End XCBuildConfiguration section */

/* Begin XCConfigurationList section */
		9B6471322ECD408D0032BC9D /* Build configuration list for PBXNativeTarget "MixedRealityTests" */ = {
			isa = XCConfigurationList;
			buildConfigurations = (
				9B6471332ECD408D0032BC9D /* Debug */,
				9B6471342ECD408D0032BC9D /* Release */,
			);
			defaultConfigurationIsVisible = 0;
			defaultConfigurationName = Release;
		};
		9B9B4CAD2EB2E29700073840 /* Build configuration list for PBXProject "MixedReality" */ = {
			isa = XCConfigurationList;
			buildConfigurations = (
				9B9B4CC42EB2E29900073840 /* Debug */,
				9B9B4CC52EB2E29900073840 /* Release */,
			);
			defaultConfigurationIsVisible = 0;
			defaultConfigurationName = Release;
		};
		9B9B4CC12EB2E29900073840 /* Build configuration list for PBXNativeTarget "MixedReality" */ = {
			isa = XCConfigurationList;
			buildConfigurations = (
				9B9B4CC22EB2E29900073840 /* Debug */,
				9B9B4CC32EB2E29900073840 /* Release */,
			);
			defaultConfigurationIsVisible = 0;
			defaultConfigurationName = Release;
		};
/* End XCConfigurationList section */

/* Begin XCRemoteSwiftPackageReference section */
		538161D32EC62A5C00C0F590 /* XCRemoteSwiftPackageReference "Starscream" */ = {
			isa = XCRemoteSwiftPackageReference;
			repositoryURL = "https://github.com/daltoniam/Starscream.git";
			requirement = {
				kind = upToNextMajorVersion;
				minimumVersion = 4.0.8;
			};
		};
		FA989BCB2F2D6DC0004C4180 /* XCRemoteSwiftPackageReference "swift-collections" */ = {
			isa = XCRemoteSwiftPackageReference;
			repositoryURL = "https://github.com/apple/swift-collections.git";
			requirement = {
				kind = upToNextMajorVersion;
				minimumVersion = 1.3.0;
			};
		};
/* End XCRemoteSwiftPackageReference section */

/* Begin XCSwiftPackageProductDependency section */
		538161D42EC62A5C00C0F590 /* Starscream */ = {
			isa = XCSwiftPackageProductDependency;
			package = 538161D32EC62A5C00C0F590 /* XCRemoteSwiftPackageReference "Starscream" */;
			productName = Starscream;
		};
		FA989BCC2F2D6DC0004C4180 /* Collections */ = {
			isa = XCSwiftPackageProductDependency;
			package = FA989BCB2F2D6DC0004C4180 /* XCRemoteSwiftPackageReference "swift-collections" */;
			productName = Collections;
		};
		FA989BCE2F2D6DC0004C4180 /* DequeModule */ = {
			isa = XCSwiftPackageProductDependency;
			package = FA989BCB2F2D6DC0004C4180 /* XCRemoteSwiftPackageReference "swift-collections" */;
			productName = DequeModule;
		};
/* End XCSwiftPackageProductDependency section */
	};
	rootObject = 9B9B4CAA2EB2E29700073840 /* Project object */;
}
